{
  "name": "resume",
  "version": "1.0.0",
  "lockfileVersion": 3,
  "requires": true,
  "packages": {
    "": {
      "name": "resume",
      "version": "1.0.0",
      "license": "ISC",
      "dependencies": {
        "@lottiefiles/dotlottie-web": "^0.44.0",
        "swiper": "^11.2.8"
      }
    },
    "node_modules/@lottiefiles/dotlottie-web": {
      "version": "0.44.0",
      "resolved": "https://registry.npmjs.org/@lottiefiles/dotlottie-web/-/dotlottie-web-0.44.0.tgz",
      "integrity": "sha512-IUWKVciDJI/BMWDWnh7j0Ngd0N8q9ySRAwm84aDqIE07qpmdZ7x1rkIpBaU1yHSNqNYHeh1Rxsl+LC3CY4f0KA==",
      "license": "MIT"
    },
    "node_modules/swiper": {
      "version": "11.2.8",
      "resolved": "https://registry.npmjs.org/swiper/-/swiper-11.2.8.tgz",
      "integrity": "sha512-S5FVf6zWynPWooi7pJ7lZhSUe2snTzqLuUzbd5h5PHUOhzgvW0bLKBd2wv0ixn6/5o9vwc/IkQT74CRcLJQzeg==",
      "funding": [
        {
          "type": "patreon",
          "url": "https://www.patreon.com/swiperjs"
        },
        {
          "type": "open_collective",
          "url": "http://opencollective.com/swiper"
        }
      ],
      "license": "MIT",
      "engines": {
        "node": ">= 4.7.0"
      }
    }
  }
}
